{
  "name": "wios",
  "version": "1.0.0",
  "lockfileVersion": 3,
  "requires": true,
  "packages": {
    "": {
      "name": "wios",
      "version": "1.0.0",
      "dependencies": {
        "@babel/standalone": "7.26.4"
      }
    },
    "node_modules/@babel/standalone": {
      "version": "7.26.4",
      "resolved": "https://registry.npmjs.org/@babel/standalone/-/standalone-7.26.4.tgz",
      "integrity": "sha512-SF+g7S2mhTT1b7CHyfNjDkPU1corxg4LPYsyP0x5KuCl+EbtBQHRLqr9N3q7e7+x7NQ5LYxQf8mJ2PmzebLr0A==",
      "license": "MIT",
      "engines": {
        "node": ">=6.9.0"
      }
    }
  }
}
